// !$*UTF8*$!
{
	archiveVersion = 1;
	classes = {
	};
	objectVersion = 56;
	objects = {

/* Begin PBXBuildFile section */
		67299C342BEB77E80055D990 /* ImageApplicationApp.swift in Sources */ = {isa = PBXBuildFile; fileRef = 67299C332BEB77E80055D990 /* ImageApplicationApp.swift */; };
		67299C362BEB77E80055D990 /* ContentView.swift in Sources */ = {isa = PBXBuildFile; fileRef = 67299C352BEB77E80055D990 /* ContentView.swift */; };
		67299C382BEB77F30055D990 /* Assets.xcassets in Resources */ = {isa = PBXBuildFile; fileRef = 67299C372BEB77F30055D990 /* Assets.xcassets */; };
		67299C3B2BEB77F30055D990 /* Preview Assets.xcassets in Resources */ = {isa = PBXBuildFile; fileRef = 67299C3A2BEB77F30055D990 /* Preview Assets.xcassets */; };
		67299C452BEB77F40055D990 /* ImageApplicationTests.swift in Sources */ = {isa = PBXBuildFile; fileRef = 67299C442BEB77F40055D990 /* ImageApplicationTests.swift */; };
		67299C4F2BEB77F40055D990 /* ImageApplicationUITests.swift in Sources */ = {isa = PBXBuildFile; fileRef = 67299C4E2BEB77F40055D990 /* ImageApplicationUITests.swift */; };
		67299C512BEB77F40055D990 /* ImageApplicationUITestsLaunchTests.swift in Sources */ = {isa = PBXBuildFile; fileRef = 67299C502BEB77F40055D990 /* ImageApplicationUITestsLaunchTests.swift */; };
/* End PBXBuildFile section */

/* Begin PBXContainerItemProxy section */
		67299C412BEB77F40055D990 /* PBXContainerItemProxy */ = {
			isa = PBXContainerItemProxy;
			containerPortal = 67299C282BEB77E80055D990 /* Project object */;
			proxyType = 1;
			remoteGlobalIDString = 67299C2F2BEB77E80055D990;
			remoteInfo = ImageApplication;
		};
		67299C4B2BEB77F40055D990 /* PBXContainerItemProxy */ = {
			isa = PBXContainerItemProxy;
			containerPortal = 67299C282BEB77E80055D990 /* Project object */;
			proxyType = 1;
			remoteGlobalIDString = 67299C2F2BEB77E80055D990;
			remoteInfo = ImageApplication;
		};
/* End PBXContainerItemProxy section */

/* Begin PBXFileReference section */
		67299C302BEB77E80055D990 /* ImageApplication.app */ = {isa = PBXFileReference; explicitFileType = wrapper.application; includeInIndex = 0; path = ImageApplication.app; sourceTree = BUILT_PRODUCTS_DIR; };
		67299C332BEB77E80055D990 /* ImageApplicationApp.swift */ = {isa = PBXFileReference; lastKnownFileType = sourcecode.swift; path = ImageApplicationApp.swift; sourceTree = "<group>"; };
		67299C352BEB77E80055D990 /* ContentView.swift */ = {isa = PBXFileReference; lastKnownFileType = sourcecode.swift; path = ContentView.swift; sourceTree = "<group>"; };
		67299C372BEB77F30055D990 /* Assets.xcassets */ = {isa = PBXFileReference; lastKnownFileType = folder.assetcatalog; path = Assets.xcassets; sourceTree = "<group>"; };
		67299C3A2BEB77F30055D990 /* Preview Assets.xcassets */ = {isa = PBXFileReference; lastKnownFileType = folder.assetcatalog; path = "Preview Assets.xcassets"; sourceTree = "<group>"; };
		67299C402BEB77F40055D990 /* ImageApplicationTests.xctest */ = {isa = PBXFileReference; explicitFileType = wrapper.cfbundle; includeInIndex = 0; path = ImageApplicationTests.xctest; sourceTree = BUILT_PRODUCTS_DIR; };
		67299C442BEB77F40055D990 /* ImageApplicationTests.swift */ = {isa = PBXFileReference; lastKnownFileType = sourcecode.swift; path = ImageApplicationTests.swift; sourceTree = "<group>"; };
		67299C4A2BEB77F40055D990 /* ImageApplicationUITests.xctest */ = {isa = PBXFileReference; explicitFileType = wrapper.cfbundle; includeInIndex = 0; path = ImageApplicationUITests.xctest; sourceTree = BUILT_PRODUCTS_DIR; };
		67299C4E2BEB77F40055D990 /* ImageApplicationUITests.swift */ = {isa = PBXFileReference; lastKnownFileType = sourcecode.swift; path = ImageApplicationUITests.swift; sourceTree = "<group>"; };
		67299C502BEB77F40055D990 /* ImageApplicationUITestsLaunchTests.swift */ = {isa = PBXFileReference; lastKnownFileType = sourcecode.swift; path = ImageApplicationUITestsLaunchTests.swift; sourceTree = "<group>"; };
/* End PBXFileReference section */

/* Begin PBXFrameworksBuildPhase section */
		67299C2D2BEB77E80055D990 /* Frameworks */ = {
			isa = PBXFrameworksBuildPhase;
			buildActionMask = 2147483647;
			files = (
			);
			runOnlyForDeploymentPostprocessing = 0;
		};
		67299C3D2BEB77F40055D990 /* Frameworks */ = {
			isa = PBXFrameworksBuildPhase;
			buildActionMask = 2147483647;
			files = (
			);
			runOnlyForDeploymentPostprocessing = 0;
		};
		67299C472BEB77F40055D990 /* Frameworks */ = {
			isa = PBXFrameworksBuildPhase;
			buildActionMask = 2147483647;
			files = (
			);
			runOnlyForDeploymentPostprocessing = 0;
		};
/* End PBXFrameworksBuildPhase section */

/* Begin PBXGroup section */
		67299C272BEB77E80055D990 = {
			isa = PBXGroup;
			children = (
				67299C322BEB77E80055D990 /* ImageApplication */,
				67299C432BEB77F40055D990 /* ImageApplicationTests */,
				67299C4D2BEB77F40055D990 /* ImageApplicationUITests */,
				67299C312BEB77E80055D990 /* Products */,
			);
			sourceTree = "<group>";
		};
		67299C312BEB77E80055D990 /* Products */ = {
			isa = PBXGroup;
			children = (
				67299C302BEB77E80055D990 /* ImageApplication.app */,
				67299C402BEB77F40055D990 /* ImageApplicationTests.xctest */,
				67299C4A2BEB77F40055D990 /* ImageApplicationUITests.xctest */,
			);
			name = Products;
			sourceTree = "<group>";
		};
		67299C322BEB77E80055D990 /* ImageApplication */ = {
			isa = PBXGroup;
			children = (
				67299C332BEB77E80055D990 /* ImageApplicationApp.swift */,
				67299C352BEB77E80055D990 /* ContentView.swift */,
				67299C372BEB77F30055D990 /* Assets.xcassets */,
				67299C392BEB77F30055D990 /* Preview Content */,
			);
			path = ImageApplication;
			sourceTree = "<group>";
		};
		67299C392BEB77F30055D990 /* Preview Content */ = {
			isa = PBXGroup;
			children = (
				67299C3A2BEB77F30055D990 /* Preview Assets.xcassets */,
			);
			path = "Preview Content";
			sourceTree = "<group>";
		};
		67299C432BEB77F40055D990 /* ImageApplicationTests */ = {
			isa = PBXGroup;
			children = (
				67299C442BEB77F40055D990 /* ImageApplicationTests.swift */,
			);
			path = ImageApplicationTests;
			sourceTree = "<group>";
		};
		67299C4D2BEB77F40055D990 /* ImageApplicationUITests */ = {
			isa = PBXGroup;
			children = (
				67299C4E2BEB77F40055D990 /* ImageApplicationUITests.swift */,
				67299C502BEB77F40055D990 /* ImageApplicationUITestsLaunchTests.swift */,
			);
			path = ImageApplicationUITests;
			sourceTree = "<group>";
		};
/* End PBXGroup section */

/* Begin PBXNativeTarget section */
		67299C2F2BEB77E80055D990 /* ImageApplication */ = {
			isa = PBXNativeTarget;
			buildConfigurationList = 67299C542BEB77F40055D990 /* Build configuration list for PBXNativeTarget "ImageApplication" */;
			buildPhases = (
				67299C2C2BEB77E80055D990 /* Sources */,
				67299C2D2BEB77E80055D990 /* Frameworks */,
				67299C2E2BEB77E80055D990 /* Resources */,
			);
			buildRules = (
			);
			dependencies = (
			);
			name = ImageApplication;
			productName = ImageApplication;
			productReference = 67299C302BEB77E80055D990 /* ImageApplication.app */;
			productType = "com.apple.product-type.application";
		};
		67299C3F2BEB77F40055D990 /* ImageApplicationTests */ = {
			isa = PBXNativeTarget;
			buildConfigurationList = 67299C572BEB77F40055D990 /* Build configuration list for PBXNativeTarget "ImageApplicationTests" */;
			buildPhases = (
				67299C3C2BEB77F40055D990 /* Sources */,
				67299C3D2BEB77F40055D990 /* Frameworks */,
				67299C3E2BEB77F40055D990 /* Resources */,
			);
			buildRules = (
			);
			dependencies = (
				67299C422BEB77F40055D990 /* PBXTargetDependency */,
			);
			name = ImageApplicationTests;
			productName = ImageApplicationTests;
			productReference = 67299C402BEB77F40055D990 /* ImageApplicationTests.xctest */;
			productType = "com.apple.product-type.bundle.unit-test";
		};
		67299C492BEB77F40055D990 /* ImageApplicationUITests */ = {
			isa = PBXNativeTarget;
			buildConfigurationList = 67299C5A2BEB77F40055D990 /* Build configuration list for PBXNativeTarget "ImageApplicationUITests" */;
			buildPhases = (
				67299C462BEB77F40055D990 /* Sources */,
				67299C472BEB77F40055D990 /* Frameworks */,
				67299C482BEB77F40055D990 /* Resources */,
			);
			buildRules = (
			);
			dependencies = (
				67299C4C2BEB77F40055D990 /* PBXTargetDependency */,
			);
			name = ImageApplicationUITests;
			productName = ImageApplicationUITests;
			productReference = 67299C4A2BEB77F40055D990 /* ImageApplicationUITests.xctest */;
			productType = "com.apple.product-type.bundle.ui-testing";
		};
/* End PBXNativeTarget section */

/* Begin PBXProject section */
		67299C282BEB77E80055D990 /* Project object */ = {
			isa = PBXProject;
			attributes = {
				BuildIndependentTargetsInParallel = 1;
				LastSwiftUpdateCheck = 1530;
				LastUpgradeCheck = 1530;
				TargetAttributes = {
					67299C2F2BEB77E80055D990 = {
						CreatedOnToolsVersion = 15.3;
					};
					67299C3F2BEB77F40055D990 = {
						CreatedOnToolsVersion = 15.3;
						TestTargetID = 67299C2F2BEB77E80055D990;
					};
					67299C492BEB77F40055D990 = {
						CreatedOnToolsVersion = 15.3;
						TestTargetID = 67299C2F2BEB77E80055D990;
					};
				};
			};
			buildConfigurationList = 67299C2B2BEB77E80055D990 /* Build configuration list for PBXProject "ImageApplication" */;
			compatibilityVersion = "Xcode 14.0";
			developmentRegion = en;
			hasScannedForEncodings = 0;
			knownRegions = (
				en,
				Base,
			);
			mainGroup = 67299C272BEB77E80055D990;
			productRefGroup = 67299C312BEB77E80055D990 /* Products */;
			projectDirPath = "";
			projectRoot = "";
			targets = (
				67299C2F2BEB77E80055D990 /* ImageApplication */,
				67299C3F2BEB77F40055D990 /* ImageApplicationTests */,
				67299C492BEB77F40055D990 /* ImageApplicationUITests */,
			);
		};
/* End PBXProject section */

/* Begin PBXResourcesBuildPhase section */
		67299C2E2BEB77E80055D990 /* Resources */ = {
			isa = PBXResourcesBuildPhase;
			buildActionMask = 2147483647;
			files = (
				67299C3B2BEB77F30055D990 /* Preview Assets.xcassets in Resources */,
				67299C382BEB77F30055D990 /* Assets.xcassets in Resources */,
			);
			runOnlyForDeploymentPostprocessing = 0;
		};
		67299C3E2BEB77F40055D990 /* Resources */ = {
			isa = PBXResourcesBuildPhase;
			buildActionMask = 2147483647;
			files = (
			);
			runOnlyForDeploymentPostprocessing = 0;
		};
		67299C482BEB77F40055D990 /* Resources */ = {
			isa = PBXResourcesBuildPhase;
			buildActionMask = 2147483647;
			files = (
			);
			runOnlyForDeploymentPostprocessing = 0;
		};
/* End PBXResourcesBuildPhase section */

/* Begin PBXSourcesBuildPhase section */
		67299C2C2BEB77E80055D990 /* Sources */ = {
			isa = PBXSourcesBuildPhase;
			buildActionMask = 2147483647;
			files = (
				67299C362BEB77E80055D990 /* ContentView.swift in Sources */,
				67299C342BEB77E80055D990 /* ImageApplicationApp.swift in Sources */,
			);
			runOnlyForDeploymentPostprocessing = 0;
		};
		67299C3C2BEB77F40055D990 /* Sources */ = {
			isa = PBXSourcesBuildPhase;
			buildActionMask = 2147483647;
			files = (
				67299C452BEB77F40055D990 /* ImageApplicationTests.swift in Sources */,
			);
			runOnlyForDeploymentPostprocessing = 0;
		};
		67299C462BEB77F40055D990 /* Sources */ = {
			isa = PBXSourcesBuildPhase;
			buildActionMask = 2147483647;
			files = (
				67299C4F2BEB77F40055D990 /* ImageApplicationUITests.swift in Sources */,
				67299C512BEB77F40055D990 /* ImageApplicationUITestsLaunchTests.swift in Sources */,
			);
			runOnlyForDeploymentPostprocessing = 0;
		};
/* End PBXSourcesBuildPhase section */

/* Begin PBXTargetDependency section */
		67299C422BEB77F40055D990 /* PBXTargetDependency */ = {
			isa = PBXTargetDependency;
			target = 67299C2F2BEB77E80055D990 /* ImageApplication */;
			targetProxy = 67299C412BEB77F40055D990 /* PBXContainerItemProxy */;
		};
		67299C4C2BEB77F40055D990 /* PBXTargetDependency */ = {
			isa = PBXTargetDependency;
			target = 67299C2F2BEB77E80055D990 /* ImageApplication */;
			targetProxy = 67299C4B2BEB77F40055D990 /* PBXContainerItemProxy */;
		};
/* End PBXTargetDependency section */

/* Begin XCBuildConfiguration section */
		67299C522BEB77F40055D990 /* Debug */ = {
			isa = XCBuildConfiguration;
			buildSettings = {
				ALWAYS_SEARCH_USER_PATHS = NO;
				ASSETCATALOG_COMPILER_GENERATE_SWIFT_ASSET_SYMBOL_EXTENSIONS = YES;
				CLANG_ANALYZER_NONNULL = YES;
				CLANG_ANALYZER_NUMBER_OBJECT_CONVERSION = YES_AGGRESSIVE;
				CLANG_CXX_LANGUAGE_STANDARD = "gnu++20";
				CLANG_ENABLE_MODULES = YES;
				CLANG_ENABLE_OBJC_ARC = YES;
				CLANG_ENABLE_OBJC_WEAK = YES;
				CLANG_WARN_BLOCK_CAPTURE_AUTORELEASING = YES;
				CLANG_WARN_BOOL_CONVERSION = YES;
				CLANG_WARN_COMMA = YES;
				CLANG_WARN_CONSTANT_CONVERSION = YES;
				CLANG_WARN_DEPRECATED_OBJC_IMPLEMENTATIONS = YES;
				CLANG_WARN_DIRECT_OBJC_ISA_USAGE = YES_ERROR;
				CLANG_WARN_DOCUMENTATION_COMMENTS = YES;
				CLANG_WARN_EMPTY_BODY = YES;
				CLANG_WARN_ENUM_CONVERSION = YES;
				CLANG_WARN_INFINITE_RECURSION = YES;
				CLANG_WARN_INT_CONVERSION = YES;
				CLANG_WARN_NON_LITERAL_NULL_CONVERSION = YES;
				CLANG_WARN_OBJC_IMPLICIT_RETAIN_SELF = YES;
				CLANG_WARN_OBJC_LITERAL_CONVERSION = YES;
				CLANG_WARN_OBJC_ROOT_CLASS = YES_ERROR;
				CLANG_WARN_QUOTED_INCLUDE_IN_FRAMEWORK_HEADER = YES;
				CLANG_WARN_RANGE_LOOP_ANALYSIS = YES;
				CLANG_WARN_STRICT_PROTOTYPES = YES;
				CLANG_WARN_SUSPICIOUS_MOVE = YES;
				CLANG_WARN_UNGUARDED_AVAILABILITY = YES_AGGRESSIVE;
				CLANG_WARN_UNREACHABLE_CODE = YES;
				CLANG_WARN__DUPLICATE_METHOD_MATCH = YES;
				COPY_PHASE_STRIP = NO;
				DEBUG_INFORMATION_FORMAT = dwarf;
				ENABLE_STRICT_OBJC_MSGSEND = YES;
				ENABLE_TESTABILITY = YES;
				ENABLE_USER_SCRIPT_SANDBOXING = YES;
				GCC_C_LANGUAGE_STANDARD = gnu17;
				GCC_DYNAMIC_NO_PIC = NO;
				GCC_NO_COMMON_BLOCKS = YES;
				GCC_OPTIMIZATION_LEVEL = 0;
				GCC_PREPROCESSOR_DEFINITIONS = (
					"DEBUG=1",
					"$(inherited)",
				);
				GCC_WARN_64_TO_32_BIT_CONVERSION = YES;
				GCC_WARN_ABOUT_RETURN_TYPE = YES_ERROR;
				GCC_WARN_UNDECLARED_SELECTOR = YES;
				GCC_WARN_UNINITIALIZED_AUTOS = YES_AGGRESSIVE;
				GCC_WARN_UNUSED_FUNCTION = YES;
				GCC_WARN_UNUSED_VARIABLE = YES;
				IPHONEOS_DEPLOYMENT_TARGET = 17.4;
				LOCALIZATION_PREFERS_STRING_CATALOGS = YES;
				MTL_ENABLE_DEBUG_INFO = INCLUDE_SOURCE;
				MTL_FAST_MATH = YES;
				ONLY_ACTIVE_ARCH = YES;
				SDKROOT = iphoneos;
				SWIFT_ACTIVE_COMPILATION_CONDITIONS = "DEBUG $(inherited)";
				SWIFT_OPTIMIZATION_LEVEL = "-Onone";
			};
			name = Debug;
		};
		67299C532BEB77F40055D990 /* Release */ = {
			isa = XCBuildConfiguration;
			buildSettings = {
				ALWAYS_SEARCH_USER_PATHS = NO;
				ASSETCATALOG_COMPILER_GENERATE_SWIFT_ASSET_SYMBOL_EXTENSIONS = YES;
				CLANG_ANALYZER_NONNULL = YES;
				CLANG_ANALYZER_NUMBER_OBJECT_CONVERSION = YES_AGGRESSIVE;
				CLANG_CXX_LANGUAGE_STANDARD = "gnu++20";
				CLANG_ENABLE_MODULES = YES;
				CLANG_ENABLE_OBJC_ARC = YES;
				CLANG_ENABLE_OBJC_WEAK = YES;
				CLANG_WARN_BLOCK_CAPTURE_AUTORELEASING = YES;
				CLANG_WARN_BOOL_CONVERSION = YES;
				CLANG_WARN_COMMA = YES;
				CLANG_WARN_CONSTANT_CONVERSION = YES;
				CLANG_WARN_DEPRECATED_OBJC_IMPLEMENTATIONS = YES;
				CLANG_WARN_DIRECT_OBJC_ISA_USAGE = YES_ERROR;
				CLANG_WARN_DOCUMENTATION_COMMENTS = YES;
				CLANG_WARN_EMPTY_BODY = YES;
				CLANG_WARN_ENUM_CONVERSION = YES;
				CLANG_WARN_INFINITE_RECURSION = YES;
				CLANG_WARN_INT_CONVERSION = YES;
				CLANG_WARN_NON_LITERAL_NULL_CONVERSION = YES;
				CLANG_WARN_OBJC_IMPLICIT_RETAIN_SELF = YES;
				CLANG_WARN_OBJC_LITERAL_CONVERSION = YES;
				CLANG_WARN_OBJC_ROOT_CLASS = YES_ERROR;
				CLANG_WARN_QUOTED_INCLUDE_IN_FRAMEWORK_HEADER = YES;
				CLANG_WARN_RANGE_LOOP_ANALYSIS = YES;
				CLANG_WARN_STRICT_PROTOTYPES = YES;
				CLANG_WARN_SUSPICIOUS_MOVE = YES;
				CLANG_WARN_UNGUARDED_AVAILABILITY = YES_AGGRESSIVE;
				CLANG_WARN_UNREACHABLE_CODE = YES;
				CLANG_WARN__DUPLICATE_METHOD_MATCH = YES;
				COPY_PHASE_STRIP = NO;
				DEBUG_INFORMATION_FORMAT = "dwarf-with-dsym";
				ENABLE_NS_ASSERTIONS = NO;
				ENABLE_STRICT_OBJC_MSGSEND = YES;
				ENABLE_USER_SCRIPT_SANDBOXING = YES;
				GCC_C_LANGUAGE_STANDARD = gnu17;
				GCC_NO_COMMON_BLOCKS = YES;
				GCC_WARN_64_TO_32_BIT_CONVERSION = YES;
				GCC_WARN_ABOUT_RETURN_TYPE = YES_ERROR;
				GCC_WARN_UNDECLARED_SELECTOR = YES;
				GCC_WARN_UNINITIALIZED_AUTOS = YES_AGGRESSIVE;
				GCC_WARN_UNUSED_FUNCTION = YES;
				GCC_WARN_UNUSED_VARIABLE = YES;
				IPHONEOS_DEPLOYMENT_TARGET = 17.4;
				LOCALIZATION_PREFERS_STRING_CATALOGS = YES;
				MTL_ENABLE_DEBUG_INFO = NO;
				MTL_FAST_MATH = YES;
				SDKROOT = iphoneos;
				SWIFT_COMPILATION_MODE = wholemodule;
				VALIDATE_PRODUCT = YES;
			};
			name = Release;
		};
		67299C552BEB77F40055D990 /* Debug */ = {
			isa = XCBuildConfiguration;
			buildSettings = {
				ASSETCATALOG_COMPILER_APPICON_NAME = AppIcon;
				ASSETCATALOG_COMPILER_GLOBAL_ACCENT_COLOR_NAME = AccentColor;
				CODE_SIGN_STYLE = Automatic;
				CURRENT_PROJECT_VERSION = 1;
				DEVELOPMENT_ASSET_PATHS = "\"ImageApplication/Preview Content\"";
				ENABLE_PREVIEWS = YES;
				GENERATE_INFOPLIST_FILE = YES;
				INFOPLIST_KEY_UIApplicationSceneManifest_Generation = YES;
				INFOPLIST_KEY_UIApplicationSupportsIndirectInputEvents = YES;
				INFOPLIST_KEY_UILaunchScreen_Generation = YES;
				INFOPLIST_KEY_UISupportedInterfaceOrientations_iPad = "UIInterfaceOrientationPortrait UIInterfaceOrientationPortraitUpsideDown UIInterfaceOrientationLandscapeLeft UIInterfaceOrientationLandscapeRight";
				INFOPLIST_KEY_UISupportedInterfaceOrientations_iPhone = "UIInterfaceOrientationPortrait UIInterfaceOrientationLandscapeLeft UIInterfaceOrientationLandscapeRight";
				LD_RUNPATH_SEARCH_PATHS = (
					"$(inherited)",
					"@executable_path/Frameworks",
				);
				MARKETING_VERSION = 1.0;
				PRODUCT_BUNDLE_IDENTIFIER = com.fardikha.ImageApplication;
				PRODUCT_NAME = "$(TARGET_NAME)";
				SWIFT_EMIT_LOC_STRINGS = YES;
				SWIFT_VERSION = 5.0;
				TARGETED_DEVICE_FAMILY = "1,2";
			};
			name = Debug;
		};
		67299C562BEB77F40055D990 /* Release */ = {
			isa = XCBuildConfiguration;
			buildSettings = {
				ASSETCATALOG_COMPILER_APPICON_NAME = AppIcon;
				ASSETCATALOG_COMPILER_GLOBAL_ACCENT_COLOR_NAME = AccentColor;
				CODE_SIGN_STYLE = Automatic;
				CURRENT_PROJECT_VERSION = 1;
				DEVELOPMENT_ASSET_PATHS = "\"ImageApplication/Preview Content\"";
				ENABLE_PREVIEWS = YES;
				GENERATE_INFOPLIST_FILE = YES;
				INFOPLIST_KEY_UIApplicationSceneManifest_Generation = YES;
				INFOPLIST_KEY_UIApplicationSupportsIndirectInputEvents = YES;
				INFOPLIST_KEY_UILaunchScreen_Generation = YES;
				INFOPLIST_KEY_UISupportedInterfaceOrientations_iPad = "UIInterfaceOrientationPortrait UIInterfaceOrientationPortraitUpsideDown UIInterfaceOrientationLandscapeLeft UIInterfaceOrientationLandscapeRight";
				INFOPLIST_KEY_UISupportedInterfaceOrientations_iPhone = "UIInterfaceOrientationPortrait UIInterfaceOrientationLandscapeLeft UIInterfaceOrientationLandscapeRight";
				LD_RUNPATH_SEARCH_PATHS = (
					"$(inherited)",
					"@executable_path/Frameworks",
				);
				MARKETING_VERSION = 1.0;
				PRODUCT_BUNDLE_IDENTIFIER = com.fardikha.ImageApplication;
				PRODUCT_NAME = "$(TARGET_NAME)";
				SWIFT_EMIT_LOC_STRINGS = YES;
				SWIFT_VERSION = 5.0;
				TARGETED_DEVICE_FAMILY = "1,2";
			};
			name = Release;
		};
		67299C582BEB77F40055D990 /* Debug */ = {
			isa = XCBuildConfiguration;
			buildSettings = {
				ALWAYS_EMBED_SWIFT_STANDARD_LIBRARIES = YES;
				BUNDLE_LOADER = "$(TEST_HOST)";
				CODE_SIGN_STYLE = Automatic;
				CURRENT_PROJECT_VERSION = 1;
				GENERATE_INFOPLIST_FILE = YES;
				IPHONEOS_DEPLOYMENT_TARGET = 17.4;
				MARKETING_VERSION = 1.0;
				PRODUCT_BUNDLE_IDENTIFIER = com.fardikha.ImageApplicationTests;
				PRODUCT_NAME = "$(TARGET_NAME)";
				SWIFT_EMIT_LOC_STRINGS = NO;
				SWIFT_VERSION = 5.0;
				TARGETED_DEVICE_FAMILY = "1,2";
				TEST_HOST = "$(BUILT_PRODUCTS_DIR)/ImageApplication.app/$(BUNDLE_EXECUTABLE_FOLDER_PATH)/ImageApplication";
			};
			name = Debug;
		};
		67299C592BEB77F40055D990 /* Release */ = {
			isa = XCBuildConfiguration;
			buildSettings = {
				ALWAYS_EMBED_SWIFT_STANDARD_LIBRARIES = YES;
				BUNDLE_LOADER = "$(TEST_HOST)";
				CODE_SIGN_STYLE = Automatic;
				CURRENT_PROJECT_VERSION = 1;
				GENERATE_INFOPLIST_FILE = YES;
				IPHONEOS_DEPLOYMENT_TARGET = 17.4;
				MARKETING_VERSION = 1.0;
				PRODUCT_BUNDLE_IDENTIFIER = com.fardikha.ImageApplicationTests;
				PRODUCT_NAME = "$(TARGET_NAME)";
				SWIFT_EMIT_LOC_STRINGS = NO;
				SWIFT_VERSION = 5.0;
				TARGETED_DEVICE_FAMILY = "1,2";
				TEST_HOST = "$(BUILT_PRODUCTS_DIR)/ImageApplication.app/$(BUNDLE_EXECUTABLE_FOLDER_PATH)/ImageApplication";
			};
			name = Release;
		};
		67299C5B2BEB77F40055D990 /* Debug */ = {
			isa = XCBuildConfiguration;
			buildSettings = {
				ALWAYS_EMBED_SWIFT_STANDARD_LIBRARIES = YES;
				CODE_SIGN_STYLE = Automatic;
				CURRENT_PROJECT_VERSION = 1;
				GENERATE_INFOPLIST_FILE = YES;
				MARKETING_VERSION = 1.0;
				PRODUCT_BUNDLE_IDENTIFIER = com.fardikha.ImageApplicationUITests;
				PRODUCT_NAME = "$(TARGET_NAME)";
				SWIFT_EMIT_LOC_STRINGS = NO;
				SWIFT_VERSION = 5.0;
				TARGETED_DEVICE_FAMILY = "1,2";
				TEST_TARGET_NAME = ImageApplication;
			};
			name = Debug;
		};
		67299C5C2BEB77F40055D990 /* Release */ = {
			isa = XCBuildConfiguration;
			buildSettings = {
				ALWAYS_EMBED_SWIFT_STANDARD_LIBRARIES = YES;
				CODE_SIGN_STYLE = Automatic;
				CURRENT_PROJECT_VERSION = 1;
				GENERATE_INFOPLIST_FILE = YES;
				MARKETING_VERSION = 1.0;
				PRODUCT_BUNDLE_IDENTIFIER = com.fardikha.ImageApplicationUITests;
				PRODUCT_NAME = "$(TARGET_NAME)";
				SWIFT_EMIT_LOC_STRINGS = NO;
				SWIFT_VERSION = 5.0;
				TARGETED_DEVICE_FAMILY = "1,2";
				TEST_TARGET_NAME = ImageApplication;
			};
			name = Release;
		};
/* End XCBuildConfiguration section */

/* Begin XCConfigurationList section */
		67299C2B2BEB77E80055D990 /* Build configuration list for PBXProject "ImageApplication" */ = {
			isa = XCConfigurationList;
			buildConfigurations = (
				67299C522BEB77F40055D990 /* Debug */,
				67299C532BEB77F40055D990 /* Release */,
			);
			defaultConfigurationIsVisible = 0;
			defaultConfigurationName = Release;
		};
		67299C542BEB77F40055D990 /* Build configuration list for PBXNativeTarget "ImageApplication" */ = {
			isa = XCConfigurationList;
			buildConfigurations = (
				67299C552BEB77F40055D990 /* Debug */,
				67299C562BEB77F40055D990 /* Release */,
			);
			defaultConfigurationIsVisible = 0;
			defaultConfigurationName = Release;
		};
		67299C572BEB77F40055D990 /* Build configuration list for PBXNativeTarget "ImageApplicationTests" */ = {
			isa = XCConfigurationList;
			buildConfigurations = (
				67299C582BEB77F40055D990 /* Debug */,
				67299C592BEB77F40055D990 /* Release */,
			);
			defaultConfigurationIsVisible = 0;
			defaultConfigurationName = Release;
		};
		67299C5A2BEB77F40055D990 /* Build configuration list for PBXNativeTarget "ImageApplicationUITests" */ = {
			isa = XCConfigurationList;
			buildConfigurations = (
				67299C5B2BEB77F40055D990 /* Debug */,
				67299C5C2BEB77F40055D990 /* Release */,
			);
			defaultConfigurationIsVisible = 0;
			defaultConfigurationName = Release;
		};
/* End XCConfigurationList section */
	};
	rootObject = 67299C282BEB77E80055D990 /* Project object */;
}
